
Microsoft Visual Studio Solution File, Format Version 12.00
# Visual Studio 15
VisualStudioVersion = 15.0.27428.1
MinimumVisualStudioVersion = 10.0.40219.1
Project("{FAE04EC0-301F-11D3-BF4B-00C04F79EFBC}") = "RichTextBoxAndPrint", "RichTextBoxAndPrint\RichTextBoxAndPrint.csproj", "{B78802EA-CA71-463F-A872-18AD17B01930}"
EndProject
Global
	GlobalSection(SolutionConfigurationPlatforms) = preSolution
		Debug|Any CPU = Debug|Any CPU
		Release|Any CPU = Release|Any CPU
	EndGlobalSection
	GlobalSection(ProjectConfigurationPlatforms) = postSolution
		{B78802EA-CA71-463F-A872-18AD17B01930}.Debug|Any CPU.ActiveCfg = Debug|Any CPU
		{B78802EA-CA71-463F-A872-18AD17B01930}.Debug|Any CPU.Build.0 = Debug|Any CPU
		{B78802EA-CA71-463F-A872-18AD17B01930}.Release|Any CPU.ActiveCfg = Release|Any CPU
		{B78802EA-CA71-463F-A872-18AD17B01930}.Release|Any CPU.Build.0 = Release|Any CPU
	EndGlobalSection
	GlobalSection(SolutionProperties) = preSolution
		HideSolutionNode = FALSE
	EndGlobalSection
	GlobalSection(ExtensibilityGlobals) = postSolution
		SolutionGuid = {E58B04B8-98C9-4D2F-A7A1-A7DDCD19FE7A}
	EndGlobalSection
EndGlobal
